PODS:
  - Alamofire (3.0.0)
  - AngleGradientLayer (1.2.3)
  - BEMSimpleLineGraph (4.1)
  - IQKeyboardManagerSwift (3.3.2)
  - ReactiveCocoa (3.0.0-swift2):
    - ReactiveCocoa/UI (= 3.0.0-swift2)
    - Result (~> 0.6-beta.1)
  - ReactiveCocoa/Core (3.0.0-swift2):
    - ReactiveCocoa/no-arc
    - Result (~> 0.6-beta.1)
  - ReactiveCocoa/no-arc (3.0.0-swift2):
    - Result (~> 0.6-beta.1)
  - ReactiveCocoa/UI (3.0.0-swift2):
    - ReactiveCocoa/Core
    - Result (~> 0.6-beta.1)
  - Realm (0.96.1):
    - Realm/Headers (= 0.96.1)
  - Realm/Headers (0.96.1)
  - RealmSwift (0.96.1):
    - Realm (= 0.96.1)
  - Result (0.6.0-beta.4)
  - SnapKit (0.15.0)
  - SpinKit (1.2.0)
  - SwiftyJSON (2.3.0)

DEPENDENCIES:
  - Alamofire (= 3.0.0)
  - AngleGradientLayer (= 1.2.3)
  - BEMSimpleLineGraph (= 4.1)
  - IQKeyboardManagerSwift (= 3.3.2)
  - ReactiveCocoa (= 3.0.0-swift2)
  - RealmSwift (= 0.96.1)
  - SnapKit (= 0.15.0)
  - SpinKit (= 1.2.0)
  - SwiftyJSON (= 2.3.0)

SPEC CHECKSUMS:
  Alamofire: b61782387f81bcc538a0284cf2bb5d7995cd0a80
  AngleGradientLayer: 085302f7f9764735762f83642e86cababfec1d37
  BEMSimpleLineGraph: 44fd451f27f8e9cf96f2da5bea27603093576dd1
  IQKeyboardManagerSwift: 40a9f6a3a5f60bc311aad5ab3265b9de5ecb9367
  ReactiveCocoa: b17191e37a655ff35d095040a203ecd9dd04e8bd
  Realm: d05e4621f67fb1c36acd4e573ac5b52a407fc2cc
  RealmSwift: 6c96a72b385027d9593b69f6821c697fe843eb68
  Result: f7927152cbaec0c043abb06ba0bc432678818418
  SnapKit: 4962eed2ee18e48cbd2b2292fffc57efe7235f87
  SpinKit: 65906a8b534a4e14cbfd3f8b0b6c329131faef4a
  SwiftyJSON: 8d6b61a70277ef2a5d710d372e06e7e2d87fb9e4

COCOAPODS: 0.39.0
