// !$*UTF8*$!
{
	archiveVersion = 1;
	classes = {
	};
	objectVersion = 46;
	objects = {

/* Begin PBXBuildFile section */
		4920F8B31BD415F8001D3C16 /* SDCConsoleViewController.swift in Sources */ = {isa = PBXBuildFile; fileRef = 4920F8B21BD415F7001D3C16 /* SDCConsoleViewController.swift */; settings = {ASSET_TAGS = (); }; };
		4920F8B51BD42C62001D3C16 /* UIViewController.swift in Sources */ = {isa = PBXBuildFile; fileRef = 4920F8B41BD42C62001D3C16 /* UIViewController.swift */; settings = {ASSET_TAGS = (); }; };
		4920F8B91BD46162001D3C16 /* SDCMeasurement.swift in Sources */ = {isa = PBXBuildFile; fileRef = 4920F8B81BD46162001D3C16 /* SDCMeasurement.swift */; settings = {ASSET_TAGS = (); }; };
		4920F8BB1BD461A4001D3C16 /* SDCLogParser.swift in Sources */ = {isa = PBXBuildFile; fileRef = 4920F8BA1BD461A4001D3C16 /* SDCLogParser.swift */; settings = {ASSET_TAGS = (); }; };
		4920F8BD1BD470A3001D3C16 /* UILabel.swift in Sources */ = {isa = PBXBuildFile; fileRef = 4920F8BC1BD470A3001D3C16 /* UILabel.swift */; settings = {ASSET_TAGS = (); }; };
		4925AF671BD687310078922D /* SCRMeasurementOverlay.swift in Sources */ = {isa = PBXBuildFile; fileRef = 4925AF641BD687310078922D /* SCRMeasurementOverlay.swift */; settings = {ASSET_TAGS = (); }; };
		4925AF681BD687310078922D /* SCRMultiMeasurementOverlay.swift in Sources */ = {isa = PBXBuildFile; fileRef = 4925AF651BD687310078922D /* SCRMultiMeasurementOverlay.swift */; settings = {ASSET_TAGS = (); }; };
		4925AF691BD687310078922D /* SCRMultiMeasurementOverlayRenderer.swift in Sources */ = {isa = PBXBuildFile; fileRef = 4925AF661BD687310078922D /* SCRMultiMeasurementOverlayRenderer.swift */; settings = {ASSET_TAGS = (); }; };
		4925AF6B1BD6E1510078922D /* SDCMeasurementScaleView.swift in Sources */ = {isa = PBXBuildFile; fileRef = 4925AF6A1BD6E1510078922D /* SDCMeasurementScaleView.swift */; settings = {ASSET_TAGS = (); }; };
		494C76901BD05AB600B86491 /* SDCUser.swift in Sources */ = {isa = PBXBuildFile; fileRef = 494C768F1BD05AB600B86491 /* SDCUser.swift */; settings = {ASSET_TAGS = (); }; };
		494C76921BD05F6000B86491 /* String.swift in Sources */ = {isa = PBXBuildFile; fileRef = 494C76911BD05F6000B86491 /* String.swift */; settings = {ASSET_TAGS = (); }; };
		494C76971BD074FB00B86491 /* SDCCircleTransitionAnimator.swift in Sources */ = {isa = PBXBuildFile; fileRef = 494C76961BD074FB00B86491 /* SDCCircleTransitionAnimator.swift */; settings = {ASSET_TAGS = (); }; };
		494C769D1BD0EBC100B86491 /* JSONEncodable.swift in Sources */ = {isa = PBXBuildFile; fileRef = 494C769C1BD0EBC100B86491 /* JSONEncodable.swift */; settings = {ASSET_TAGS = (); }; };
		494C769F1BD1329F00B86491 /* UIView.swift in Sources */ = {isa = PBXBuildFile; fileRef = 494C769E1BD1329F00B86491 /* UIView.swift */; settings = {ASSET_TAGS = (); }; };
		494C76A31BD1648700B86491 /* SDCSignInViewModel.swift in Sources */ = {isa = PBXBuildFile; fileRef = 494C76A21BD1648700B86491 /* SDCSignInViewModel.swift */; settings = {ASSET_TAGS = (); }; };
		49590B5A1BD4DD6A00A032A1 /* SDCMeasurementCircleView.swift in Sources */ = {isa = PBXBuildFile; fileRef = 49590B591BD4DD6A00A032A1 /* SDCMeasurementCircleView.swift */; settings = {ASSET_TAGS = (); }; };
		4975CECB1BE61A6800FF6943 /* UIApplication.swift in Sources */ = {isa = PBXBuildFile; fileRef = 4975CECA1BE61A6800FF6943 /* UIApplication.swift */; settings = {ASSET_TAGS = (); }; };
		498274211BD16D3B003445B0 /* RACHelpers.swift in Sources */ = {isa = PBXBuildFile; fileRef = 498274201BD16D3B003445B0 /* RACHelpers.swift */; settings = {ASSET_TAGS = (); }; };
		498274231BD16F66003445B0 /* UITextField.swift in Sources */ = {isa = PBXBuildFile; fileRef = 498274221BD16F66003445B0 /* UITextField.swift */; settings = {ASSET_TAGS = (); }; };
		4995A0581BD66FF200854DC7 /* Persistable.swift in Sources */ = {isa = PBXBuildFile; fileRef = 4995A0571BD66FF200854DC7 /* Persistable.swift */; settings = {ASSET_TAGS = (); }; };
		4995A05C1BD67B0D00854DC7 /* RealmPersistable.swift in Sources */ = {isa = PBXBuildFile; fileRef = 4995A05B1BD67B0D00854DC7 /* RealmPersistable.swift */; settings = {ASSET_TAGS = (); }; };
		49B0FA271BD007F50078490C /* SDCUploadViewController.swift in Sources */ = {isa = PBXBuildFile; fileRef = 49B0FA261BD007F50078490C /* SDCUploadViewController.swift */; settings = {ASSET_TAGS = (); }; };
		49B0FA291BD00F5D0078490C /* SDCUploadViewModel.swift in Sources */ = {isa = PBXBuildFile; fileRef = 49B0FA281BD00F5D0078490C /* SDCUploadViewModel.swift */; settings = {ASSET_TAGS = (); }; };
		49B0FA2B1BD00F920078490C /* SDCDashboardViewModel.swift in Sources */ = {isa = PBXBuildFile; fileRef = 49B0FA2A1BD00F920078490C /* SDCDashboardViewModel.swift */; settings = {ASSET_TAGS = (); }; };
		49B0FA2D1BD00FDB0078490C /* SDCAboutTableViewController.swift in Sources */ = {isa = PBXBuildFile; fileRef = 49B0FA2C1BD00FDB0078490C /* SDCAboutTableViewController.swift */; settings = {ASSET_TAGS = (); }; };
		49B0FA2F1BD0105A0078490C /* SDCAboutViewModel.swift in Sources */ = {isa = PBXBuildFile; fileRef = 49B0FA2E1BD0105A0078490C /* SDCAboutViewModel.swift */; settings = {ASSET_TAGS = (); }; };
		49B0FA311BD01CF10078490C /* SDCSignInViewController.swift in Sources */ = {isa = PBXBuildFile; fileRef = 49B0FA301BD01CF10078490C /* SDCSignInViewController.swift */; settings = {ASSET_TAGS = (); }; };
		49B0FA331BD051AF0078490C /* SDCMeasurementColorLUT.swift in Sources */ = {isa = PBXBuildFile; fileRef = 49B0FA321BD051AF0078490C /* SDCMeasurementColorLUT.swift */; settings = {ASSET_TAGS = (); }; };
		49B948051BE4CD380019507C /* SDCDashboardImportLogOpenMapCell.swift in Sources */ = {isa = PBXBuildFile; fileRef = 49B948041BE4CD380019507C /* SDCDashboardImportLogOpenMapCell.swift */; settings = {ASSET_TAGS = (); }; };
		49C04EB91BE11268002B7703 /* SDCDashboardImportLogDetailsCell.swift in Sources */ = {isa = PBXBuildFile; fileRef = 49C04EB81BE11268002B7703 /* SDCDashboardImportLogDetailsCell.swift */; settings = {ASSET_TAGS = (); }; };
		49C04EBB1BE11285002B7703 /* SDCDashboardImportLogHeaderCell.swift in Sources */ = {isa = PBXBuildFile; fileRef = 49C04EBA1BE11285002B7703 /* SDCDashboardImportLogHeaderCell.swift */; settings = {ASSET_TAGS = (); }; };
		49C04EBD1BE112AF002B7703 /* SDCConsoleLogEntryCell.swift in Sources */ = {isa = PBXBuildFile; fileRef = 49C04EBC1BE112AF002B7703 /* SDCConsoleLogEntryCell.swift */; settings = {ASSET_TAGS = (); }; };
		49D619E91BE22B60005F8B11 /* SDCDashboardImportLogOpenAPICell.swift in Sources */ = {isa = PBXBuildFile; fileRef = 49D619E81BE22B60005F8B11 /* SDCDashboardImportLogOpenAPICell.swift */; settings = {ASSET_TAGS = (); }; };
		49D619EB1BE22B87005F8B11 /* SDCDashboardImportLogActionCellDelegate.swift in Sources */ = {isa = PBXBuildFile; fileRef = 49D619EA1BE22B87005F8B11 /* SDCDashboardImportLogActionCellDelegate.swift */; settings = {ASSET_TAGS = (); }; };
		49D619ED1BE233B8005F8B11 /* SDCDashboardImportLogCell.swift in Sources */ = {isa = PBXBuildFile; fileRef = 49D619EC1BE233B8005F8B11 /* SDCDashboardImportLogCell.swift */; settings = {ASSET_TAGS = (); }; };
		49D619EF1BE234C7005F8B11 /* SDCDashboardImportLogMetadataActionCell.swift in Sources */ = {isa = PBXBuildFile; fileRef = 49D619EE1BE234C7005F8B11 /* SDCDashboardImportLogMetadataActionCell.swift */; settings = {ASSET_TAGS = (); }; };
		49DAC9CC1BD4E66D00CD300F /* UIControl.swift in Sources */ = {isa = PBXBuildFile; fileRef = 49DAC9CB1BD4E66D00CD300F /* UIControl.swift */; settings = {ASSET_TAGS = (); }; };
		49DAC9CE1BD5A90600CD300F /* UIButton.swift in Sources */ = {isa = PBXBuildFile; fileRef = 49DAC9CD1BD5A90600CD300F /* UIButton.swift */; settings = {ASSET_TAGS = (); }; };
		49DAC9D01BD5B48400CD300F /* CLLocationDistance.swift in Sources */ = {isa = PBXBuildFile; fileRef = 49DAC9CF1BD5B48400CD300F /* CLLocationDistance.swift */; settings = {ASSET_TAGS = (); }; };
		49DAC9D21BD5B58E00CD300F /* NSTimeInterval.swift in Sources */ = {isa = PBXBuildFile; fileRef = 49DAC9D11BD5B58E00CD300F /* NSTimeInterval.swift */; settings = {ASSET_TAGS = (); }; };
		49DAC9D41BD5B75E00CD300F /* NSTimer.swift in Sources */ = {isa = PBXBuildFile; fileRef = 49DAC9D31BD5B75E00CD300F /* NSTimer.swift */; settings = {ASSET_TAGS = (); }; };
		49FC9A221BCFB5D4006FA40E /* AppDelegate.swift in Sources */ = {isa = PBXBuildFile; fileRef = 49FC9A211BCFB5D4006FA40E /* AppDelegate.swift */; };
		49FC9A371BCFB5D4006FA40E /* DrivecastTests.swift in Sources */ = {isa = PBXBuildFile; fileRef = 49FC9A361BCFB5D4006FA40E /* DrivecastTests.swift */; };
		49FC9A421BCFB5D4006FA40E /* DrivecastUITests.swift in Sources */ = {isa = PBXBuildFile; fileRef = 49FC9A411BCFB5D4006FA40E /* DrivecastUITests.swift */; };
		49FC9A581BCFB79D006FA40E /* MapKit.framework in Frameworks */ = {isa = PBXBuildFile; fileRef = 49FC9A571BCFB79D006FA40E /* MapKit.framework */; };
		49FC9A901BCFB852006FA40E /* JSON.swift in Sources */ = {isa = PBXBuildFile; fileRef = 49FC9A6F1BCFB852006FA40E /* JSON.swift */; settings = {ASSET_TAGS = (); }; };
		49FC9A921BCFB852006FA40E /* UIColor.swift in Sources */ = {isa = PBXBuildFile; fileRef = 49FC9A711BCFB852006FA40E /* UIColor.swift */; settings = {ASSET_TAGS = (); }; };
		49FC9A931BCFB852006FA40E /* UIImage.swift in Sources */ = {isa = PBXBuildFile; fileRef = 49FC9A721BCFB852006FA40E /* UIImage.swift */; settings = {ASSET_TAGS = (); }; };
		49FC9A941BCFB852006FA40E /* UIStoryboard.swift in Sources */ = {isa = PBXBuildFile; fileRef = 49FC9A731BCFB852006FA40E /* UIStoryboard.swift */; settings = {ASSET_TAGS = (); }; };
		49FC9A951BCFB852006FA40E /* DCTLog.swift in Sources */ = {isa = PBXBuildFile; fileRef = 49FC9A751BCFB852006FA40E /* DCTLog.swift */; settings = {ASSET_TAGS = (); }; };
		49FC9A961BCFB852006FA40E /* LaunchScreen.storyboard in Resources */ = {isa = PBXBuildFile; fileRef = 49FC9A771BCFB852006FA40E /* LaunchScreen.storyboard */; settings = {ASSET_TAGS = (); }; };
		49FC9A971BCFB852006FA40E /* Main.storyboard in Resources */ = {isa = PBXBuildFile; fileRef = 49FC9A791BCFB852006FA40E /* Main.storyboard */; settings = {ASSET_TAGS = (); }; };
		49FC9A981BCFB852006FA40E /* SDCBluetoothManager.swift in Sources */ = {isa = PBXBuildFile; fileRef = 49FC9A7C1BCFB852006FA40E /* SDCBluetoothManager.swift */; settings = {ASSET_TAGS = (); }; };
		49FC9A991BCFB852006FA40E /* SDCBluetoothManagerConfiguration.swift in Sources */ = {isa = PBXBuildFile; fileRef = 49FC9A7D1BCFB852006FA40E /* SDCBluetoothManagerConfiguration.swift */; settings = {ASSET_TAGS = (); }; };
		49FC9A9A1BCFB852006FA40E /* SDCBluetoothRemotePeripheral.swift in Sources */ = {isa = PBXBuildFile; fileRef = 49FC9A7E1BCFB852006FA40E /* SDCBluetoothRemotePeripheral.swift */; settings = {ASSET_TAGS = (); }; };
		49FC9A9B1BCFB852006FA40E /* SDCSafecastAPI.swift in Sources */ = {isa = PBXBuildFile; fileRef = 49FC9A7F1BCFB852006FA40E /* SDCSafecastAPI.swift */; settings = {ASSET_TAGS = (); }; };
		49FC9A9C1BCFB852006FA40E /* SDCSafecastAPIRouter.swift in Sources */ = {isa = PBXBuildFile; fileRef = 49FC9A801BCFB852006FA40E /* SDCSafecastAPIRouter.swift */; settings = {ASSET_TAGS = (); }; };
		49FC9A9D1BCFB852006FA40E /* SDCImport.swift in Sources */ = {isa = PBXBuildFile; fileRef = 49FC9A821BCFB852006FA40E /* SDCImport.swift */; settings = {ASSET_TAGS = (); }; };
		49FC9A9E1BCFB852006FA40E /* JSONCollectionDecodable.swift in Sources */ = {isa = PBXBuildFile; fileRef = 49FC9A841BCFB852006FA40E /* JSONCollectionDecodable.swift */; settings = {ASSET_TAGS = (); }; };
		49FC9A9F1BCFB852006FA40E /* JSONDecodable.swift in Sources */ = {isa = PBXBuildFile; fileRef = 49FC9A851BCFB852006FA40E /* JSONDecodable.swift */; settings = {ASSET_TAGS = (); }; };
		49FC9AA01BCFB852006FA40E /* Assets.xcassets in Resources */ = {isa = PBXBuildFile; fileRef = 49FC9A871BCFB852006FA40E /* Assets.xcassets */; settings = {ASSET_TAGS = (); }; };
		49FC9AA11BCFB852006FA40E /* Colors in Resources */ = {isa = PBXBuildFile; fileRef = 49FC9A881BCFB852006FA40E /* Colors */; settings = {ASSET_TAGS = (); }; };
		49FC9AA21BCFB852006FA40E /* SDCConfiguration.swift in Sources */ = {isa = PBXBuildFile; fileRef = 49FC9A891BCFB852006FA40E /* SDCConfiguration.swift */; settings = {ASSET_TAGS = (); }; };
		49FC9AA31BCFB852006FA40E /* SDCRecordViewController.swift in Sources */ = {isa = PBXBuildFile; fileRef = 49FC9A8B1BCFB852006FA40E /* SDCRecordViewController.swift */; settings = {ASSET_TAGS = (); }; };
		49FC9AA41BCFB852006FA40E /* SDCDashboardViewController.swift in Sources */ = {isa = PBXBuildFile; fileRef = 49FC9A8C1BCFB852006FA40E /* SDCDashboardViewController.swift */; settings = {ASSET_TAGS = (); }; };
		49FC9AA51BCFB852006FA40E /* SDCRecordViewModel.swift in Sources */ = {isa = PBXBuildFile; fileRef = 49FC9A8E1BCFB852006FA40E /* SDCRecordViewModel.swift */; settings = {ASSET_TAGS = (); }; };
		8401316E6602AC5695AE1162 /* Pods.framework in Frameworks */ = {isa = PBXBuildFile; fileRef = 257394F867C97FD4FC62AE03 /* Pods.framework */; };
/* End PBXBuildFile section */

/* Begin PBXContainerItemProxy section */
		49FC9A331BCFB5D4006FA40E /* PBXContainerItemProxy */ = {
			isa = PBXContainerItemProxy;
			containerPortal = 49FC9A161BCFB5D4006FA40E /* Project object */;
			proxyType = 1;
			remoteGlobalIDString = 49FC9A1D1BCFB5D4006FA40E;
			remoteInfo = Drivecast;
		};
		49FC9A3E1BCFB5D4006FA40E /* PBXContainerItemProxy */ = {
			isa = PBXContainerItemProxy;
			containerPortal = 49FC9A161BCFB5D4006FA40E /* Project object */;
			proxyType = 1;
			remoteGlobalIDString = 49FC9A1D1BCFB5D4006FA40E;
			remoteInfo = Drivecast;
		};
/* End PBXContainerItemProxy section */

/* Begin PBXFileReference section */
		257394F867C97FD4FC62AE03 /* Pods.framework */ = {isa = PBXFileReference; explicitFileType = wrapper.framework; includeInIndex = 0; path = Pods.framework; sourceTree = BUILT_PRODUCTS_DIR; };
		4920F8B21BD415F7001D3C16 /* SDCConsoleViewController.swift */ = {isa = PBXFileReference; fileEncoding = 4; lastKnownFileType = sourcecode.swift; path = SDCConsoleViewController.swift; sourceTree = "<group>"; };
		4920F8B41BD42C62001D3C16 /* UIViewController.swift */ = {isa = PBXFileReference; fileEncoding = 4; lastKnownFileType = sourcecode.swift; path = UIViewController.swift; sourceTree = "<group>"; };
		4920F8B81BD46162001D3C16 /* SDCMeasurement.swift */ = {isa = PBXFileReference; fileEncoding = 4; lastKnownFileType = sourcecode.swift; path = SDCMeasurement.swift; sourceTree = "<group>"; };
		4920F8BA1BD461A4001D3C16 /* SDCLogParser.swift */ = {isa = PBXFileReference; fileEncoding = 4; lastKnownFileType = sourcecode.swift; path = SDCLogParser.swift; sourceTree = "<group>"; };
		4920F8BC1BD470A3001D3C16 /* UILabel.swift */ = {isa = PBXFileReference; fileEncoding = 4; lastKnownFileType = sourcecode.swift; path = UILabel.swift; sourceTree = "<group>"; };
		4925AF641BD687310078922D /* SCRMeasurementOverlay.swift */ = {isa = PBXFileReference; fileEncoding = 4; lastKnownFileType = sourcecode.swift; path = SCRMeasurementOverlay.swift; sourceTree = "<group>"; };
		4925AF651BD687310078922D /* SCRMultiMeasurementOverlay.swift */ = {isa = PBXFileReference; fileEncoding = 4; lastKnownFileType = sourcecode.swift; path = SCRMultiMeasurementOverlay.swift; sourceTree = "<group>"; };
		4925AF661BD687310078922D /* SCRMultiMeasurementOverlayRenderer.swift */ = {isa = PBXFileReference; fileEncoding = 4; lastKnownFileType = sourcecode.swift; path = SCRMultiMeasurementOverlayRenderer.swift; sourceTree = "<group>"; };
		4925AF6A1BD6E1510078922D /* SDCMeasurementScaleView.swift */ = {isa = PBXFileReference; fileEncoding = 4; lastKnownFileType = sourcecode.swift; path = SDCMeasurementScaleView.swift; sourceTree = "<group>"; };
		494C768F1BD05AB600B86491 /* SDCUser.swift */ = {isa = PBXFileReference; fileEncoding = 4; lastKnownFileType = sourcecode.swift; path = SDCUser.swift; sourceTree = "<group>"; };
		494C76911BD05F6000B86491 /* String.swift */ = {isa = PBXFileReference; fileEncoding = 4; lastKnownFileType = sourcecode.swift; path = String.swift; sourceTree = "<group>"; };
		494C76961BD074FB00B86491 /* SDCCircleTransitionAnimator.swift */ = {isa = PBXFileReference; fileEncoding = 4; lastKnownFileType = sourcecode.swift; path = SDCCircleTransitionAnimator.swift; sourceTree = "<group>"; };
		494C769C1BD0EBC100B86491 /* JSONEncodable.swift */ = {isa = PBXFileReference; fileEncoding = 4; lastKnownFileType = sourcecode.swift; path = JSONEncodable.swift; sourceTree = "<group>"; };
		494C769E1BD1329F00B86491 /* UIView.swift */ = {isa = PBXFileReference; fileEncoding = 4; lastKnownFileType = sourcecode.swift; path = UIView.swift; sourceTree = "<group>"; };
		494C76A21BD1648700B86491 /* SDCSignInViewModel.swift */ = {isa = PBXFileReference; fileEncoding = 4; lastKnownFileType = sourcecode.swift; path = SDCSignInViewModel.swift; sourceTree = "<group>"; };
		49590B591BD4DD6A00A032A1 /* SDCMeasurementCircleView.swift */ = {isa = PBXFileReference; fileEncoding = 4; lastKnownFileType = sourcecode.swift; path = SDCMeasurementCircleView.swift; sourceTree = "<group>"; };
		4975CECA1BE61A6800FF6943 /* UIApplication.swift */ = {isa = PBXFileReference; fileEncoding = 4; lastKnownFileType = sourcecode.swift; path = UIApplication.swift; sourceTree = "<group>"; };
		498274201BD16D3B003445B0 /* RACHelpers.swift */ = {isa = PBXFileReference; fileEncoding = 4; lastKnownFileType = sourcecode.swift; path = RACHelpers.swift; sourceTree = "<group>"; };
		498274221BD16F66003445B0 /* UITextField.swift */ = {isa = PBXFileReference; fileEncoding = 4; lastKnownFileType = sourcecode.swift; path = UITextField.swift; sourceTree = "<group>"; };
		4995A0571BD66FF200854DC7 /* Persistable.swift */ = {isa = PBXFileReference; fileEncoding = 4; lastKnownFileType = sourcecode.swift; path = Persistable.swift; sourceTree = "<group>"; };
		4995A05B1BD67B0D00854DC7 /* RealmPersistable.swift */ = {isa = PBXFileReference; fileEncoding = 4; lastKnownFileType = sourcecode.swift; path = RealmPersistable.swift; sourceTree = "<group>"; };
		49B0FA261BD007F50078490C /* SDCUploadViewController.swift */ = {isa = PBXFileReference; fileEncoding = 4; lastKnownFileType = sourcecode.swift; path = SDCUploadViewController.swift; sourceTree = "<group>"; };
		49B0FA281BD00F5D0078490C /* SDCUploadViewModel.swift */ = {isa = PBXFileReference; fileEncoding = 4; lastKnownFileType = sourcecode.swift; path = SDCUploadViewModel.swift; sourceTree = "<group>"; };
		49B0FA2A1BD00F920078490C /* SDCDashboardViewModel.swift */ = {isa = PBXFileReference; fileEncoding = 4; lastKnownFileType = sourcecode.swift; path = SDCDashboardViewModel.swift; sourceTree = "<group>"; };
		49B0FA2C1BD00FDB0078490C /* SDCAboutTableViewController.swift */ = {isa = PBXFileReference; fileEncoding = 4; lastKnownFileType = sourcecode.swift; path = SDCAboutTableViewController.swift; sourceTree = "<group>"; };
		49B0FA2E1BD0105A0078490C /* SDCAboutViewModel.swift */ = {isa = PBXFileReference; fileEncoding = 4; lastKnownFileType = sourcecode.swift; path = SDCAboutViewModel.swift; sourceTree = "<group>"; };
		49B0FA301BD01CF10078490C /* SDCSignInViewController.swift */ = {isa = PBXFileReference; fileEncoding = 4; lastKnownFileType = sourcecode.swift; path = SDCSignInViewController.swift; sourceTree = "<group>"; };
		49B0FA321BD051AF0078490C /* SDCMeasurementColorLUT.swift */ = {isa = PBXFileReference; fileEncoding = 4; lastKnownFileType = sourcecode.swift; path = SDCMeasurementColorLUT.swift; sourceTree = "<group>"; };
		49B948041BE4CD380019507C /* SDCDashboardImportLogOpenMapCell.swift */ = {isa = PBXFileReference; fileEncoding = 4; lastKnownFileType = sourcecode.swift; path = SDCDashboardImportLogOpenMapCell.swift; sourceTree = "<group>"; };
		49C04EB81BE11268002B7703 /* SDCDashboardImportLogDetailsCell.swift */ = {isa = PBXFileReference; fileEncoding = 4; lastKnownFileType = sourcecode.swift; path = SDCDashboardImportLogDetailsCell.swift; sourceTree = "<group>"; };
		49C04EBA1BE11285002B7703 /* SDCDashboardImportLogHeaderCell.swift */ = {isa = PBXFileReference; fileEncoding = 4; lastKnownFileType = sourcecode.swift; path = SDCDashboardImportLogHeaderCell.swift; sourceTree = "<group>"; };
		49C04EBC1BE112AF002B7703 /* SDCConsoleLogEntryCell.swift */ = {isa = PBXFileReference; fileEncoding = 4; lastKnownFileType = sourcecode.swift; path = SDCConsoleLogEntryCell.swift; sourceTree = "<group>"; };
		49D619E81BE22B60005F8B11 /* SDCDashboardImportLogOpenAPICell.swift */ = {isa = PBXFileReference; fileEncoding = 4; lastKnownFileType = sourcecode.swift; path = SDCDashboardImportLogOpenAPICell.swift; sourceTree = "<group>"; };
		49D619EA1BE22B87005F8B11 /* SDCDashboardImportLogActionCellDelegate.swift */ = {isa = PBXFileReference; fileEncoding = 4; lastKnownFileType = sourcecode.swift; path = SDCDashboardImportLogActionCellDelegate.swift; sourceTree = "<group>"; };
		49D619EC1BE233B8005F8B11 /* SDCDashboardImportLogCell.swift */ = {isa = PBXFileReference; fileEncoding = 4; lastKnownFileType = sourcecode.swift; path = SDCDashboardImportLogCell.swift; sourceTree = "<group>"; };
		49D619EE1BE234C7005F8B11 /* SDCDashboardImportLogMetadataActionCell.swift */ = {isa = PBXFileReference; fileEncoding = 4; lastKnownFileType = sourcecode.swift; path = SDCDashboardImportLogMetadataActionCell.swift; sourceTree = "<group>"; };
		49DAC9CB1BD4E66D00CD300F /* UIControl.swift */ = {isa = PBXFileReference; fileEncoding = 4; lastKnownFileType = sourcecode.swift; path = UIControl.swift; sourceTree = "<group>"; };
		49DAC9CD1BD5A90600CD300F /* UIButton.swift */ = {isa = PBXFileReference; fileEncoding = 4; lastKnownFileType = sourcecode.swift; path = UIButton.swift; sourceTree = "<group>"; };
		49DAC9CF1BD5B48400CD300F /* CLLocationDistance.swift */ = {isa = PBXFileReference; fileEncoding = 4; lastKnownFileType = sourcecode.swift; path = CLLocationDistance.swift; sourceTree = "<group>"; };
		49DAC9D11BD5B58E00CD300F /* NSTimeInterval.swift */ = {isa = PBXFileReference; fileEncoding = 4; lastKnownFileType = sourcecode.swift; path = NSTimeInterval.swift; sourceTree = "<group>"; };
		49DAC9D31BD5B75E00CD300F /* NSTimer.swift */ = {isa = PBXFileReference; fileEncoding = 4; lastKnownFileType = sourcecode.swift; path = NSTimer.swift; sourceTree = "<group>"; };
		49FC9A1E1BCFB5D4006FA40E /* Drivecast.app */ = {isa = PBXFileReference; explicitFileType = wrapper.application; includeInIndex = 0; path = Drivecast.app; sourceTree = BUILT_PRODUCTS_DIR; };
		49FC9A211BCFB5D4006FA40E /* AppDelegate.swift */ = {isa = PBXFileReference; lastKnownFileType = sourcecode.swift; path = AppDelegate.swift; sourceTree = "<group>"; };
		49FC9A2D1BCFB5D4006FA40E /* Info.plist */ = {isa = PBXFileReference; lastKnownFileType = text.plist.xml; path = Info.plist; sourceTree = "<group>"; };
		49FC9A321BCFB5D4006FA40E /* DrivecastTests.xctest */ = {isa = PBXFileReference; explicitFileType = wrapper.cfbundle; includeInIndex = 0; path = DrivecastTests.xctest; sourceTree = BUILT_PRODUCTS_DIR; };
		49FC9A361BCFB5D4006FA40E /* DrivecastTests.swift */ = {isa = PBXFileReference; lastKnownFileType = sourcecode.swift; path = DrivecastTests.swift; sourceTree = "<group>"; };
		49FC9A381BCFB5D4006FA40E /* Info.plist */ = {isa = PBXFileReference; lastKnownFileType = text.plist.xml; path = Info.plist; sourceTree = "<group>"; };
		49FC9A3D1BCFB5D4006FA40E /* DrivecastUITests.xctest */ = {isa = PBXFileReference; explicitFileType = wrapper.cfbundle; includeInIndex = 0; path = DrivecastUITests.xctest; sourceTree = BUILT_PRODUCTS_DIR; };
		49FC9A411BCFB5D4006FA40E /* DrivecastUITests.swift */ = {isa = PBXFileReference; lastKnownFileType = sourcecode.swift; path = DrivecastUITests.swift; sourceTree = "<group>"; };
		49FC9A431BCFB5D4006FA40E /* Info.plist */ = {isa = PBXFileReference; lastKnownFileType = text.plist.xml; path = Info.plist; sourceTree = "<group>"; };
		49FC9A571BCFB79D006FA40E /* MapKit.framework */ = {isa = PBXFileReference; lastKnownFileType = wrapper.framework; name = MapKit.framework; path = System/Library/Frameworks/MapKit.framework; sourceTree = SDKROOT; };
		49FC9A6F1BCFB852006FA40E /* JSON.swift */ = {isa = PBXFileReference; fileEncoding = 4; lastKnownFileType = sourcecode.swift; path = JSON.swift; sourceTree = "<group>"; };
		49FC9A711BCFB852006FA40E /* UIColor.swift */ = {isa = PBXFileReference; fileEncoding = 4; lastKnownFileType = sourcecode.swift; path = UIColor.swift; sourceTree = "<group>"; };
		49FC9A721BCFB852006FA40E /* UIImage.swift */ = {isa = PBXFileReference; fileEncoding = 4; lastKnownFileType = sourcecode.swift; path = UIImage.swift; sourceTree = "<group>"; };
		49FC9A731BCFB852006FA40E /* UIStoryboard.swift */ = {isa = PBXFileReference; fileEncoding = 4; lastKnownFileType = sourcecode.swift; path = UIStoryboard.swift; sourceTree = "<group>"; };
		49FC9A751BCFB852006FA40E /* DCTLog.swift */ = {isa = PBXFileReference; fileEncoding = 4; lastKnownFileType = sourcecode.swift; path = DCTLog.swift; sourceTree = "<group>"; };
		49FC9A781BCFB852006FA40E /* Base */ = {isa = PBXFileReference; lastKnownFileType = file.storyboard; name = Base; path = Base.lproj/LaunchScreen.storyboard; sourceTree = "<group>"; };
		49FC9A7A1BCFB852006FA40E /* Base */ = {isa = PBXFileReference; lastKnownFileType = file.storyboard; name = Base; path = Base.lproj/Main.storyboard; sourceTree = "<group>"; };
		49FC9A7C1BCFB852006FA40E /* SDCBluetoothManager.swift */ = {isa = PBXFileReference; fileEncoding = 4; lastKnownFileType = sourcecode.swift; path = SDCBluetoothManager.swift; sourceTree = "<group>"; };
		49FC9A7D1BCFB852006FA40E /* SDCBluetoothManagerConfiguration.swift */ = {isa = PBXFileReference; fileEncoding = 4; lastKnownFileType = sourcecode.swift; path = SDCBluetoothManagerConfiguration.swift; sourceTree = "<group>"; };
		49FC9A7E1BCFB852006FA40E /* SDCBluetoothRemotePeripheral.swift */ = {isa = PBXFileReference; fileEncoding = 4; lastKnownFileType = sourcecode.swift; path = SDCBluetoothRemotePeripheral.swift; sourceTree = "<group>"; };
		49FC9A7F1BCFB852006FA40E /* SDCSafecastAPI.swift */ = {isa = PBXFileReference; fileEncoding = 4; lastKnownFileType = sourcecode.swift; path = SDCSafecastAPI.swift; sourceTree = "<group>"; };
		49FC9A801BCFB852006FA40E /* SDCSafecastAPIRouter.swift */ = {isa = PBXFileReference; fileEncoding = 4; lastKnownFileType = sourcecode.swift; path = SDCSafecastAPIRouter.swift; sourceTree = "<group>"; };
		49FC9A821BCFB852006FA40E /* SDCImport.swift */ = {isa = PBXFileReference; fileEncoding = 4; lastKnownFileType = sourcecode.swift; path = SDCImport.swift; sourceTree = "<group>"; };
		49FC9A841BCFB852006FA40E /* JSONCollectionDecodable.swift */ = {isa = PBXFileReference; fileEncoding = 4; lastKnownFileType = sourcecode.swift; path = JSONCollectionDecodable.swift; sourceTree = "<group>"; };
		49FC9A851BCFB852006FA40E /* JSONDecodable.swift */ = {isa = PBXFileReference; fileEncoding = 4; lastKnownFileType = sourcecode.swift; path = JSONDecodable.swift; sourceTree = "<group>"; };
		49FC9A871BCFB852006FA40E /* Assets.xcassets */ = {isa = PBXFileReference; lastKnownFileType = folder.assetcatalog; path = Assets.xcassets; sourceTree = "<group>"; };
		49FC9A881BCFB852006FA40E /* Colors */ = {isa = PBXFileReference; fileEncoding = 4; lastKnownFileType = text; path = Colors; sourceTree = "<group>"; };
		49FC9A891BCFB852006FA40E /* SDCConfiguration.swift */ = {isa = PBXFileReference; fileEncoding = 4; lastKnownFileType = sourcecode.swift; path = SDCConfiguration.swift; sourceTree = "<group>"; };
		49FC9A8B1BCFB852006FA40E /* SDCRecordViewController.swift */ = {isa = PBXFileReference; fileEncoding = 4; lastKnownFileType = sourcecode.swift; path = SDCRecordViewController.swift; sourceTree = "<group>"; };
		49FC9A8C1BCFB852006FA40E /* SDCDashboardViewController.swift */ = {isa = PBXFileReference; fileEncoding = 4; lastKnownFileType = sourcecode.swift; path = SDCDashboardViewController.swift; sourceTree = "<group>"; };
		49FC9A8E1BCFB852006FA40E /* SDCRecordViewModel.swift */ = {isa = PBXFileReference; fileEncoding = 4; lastKnownFileType = sourcecode.swift; path = SDCRecordViewModel.swift; sourceTree = "<group>"; };
		56B8D662FA9703DECFEE8609 /* Pods.production debug.xcconfig */ = {isa = PBXFileReference; includeInIndex = 1; lastKnownFileType = text.xcconfig; name = "Pods.production debug.xcconfig"; path = "Pods/Target Support Files/Pods/Pods.production debug.xcconfig"; sourceTree = "<group>"; };
		8D72FD4BB90C87934F44102E /* Pods.staging debug.xcconfig */ = {isa = PBXFileReference; includeInIndex = 1; lastKnownFileType = text.xcconfig; name = "Pods.staging debug.xcconfig"; path = "Pods/Target Support Files/Pods/Pods.staging debug.xcconfig"; sourceTree = "<group>"; };
		BBFF8E9ECA56CCE4BEFC6195 /* Pods.staging release.xcconfig */ = {isa = PBXFileReference; includeInIndex = 1; lastKnownFileType = text.xcconfig; name = "Pods.staging release.xcconfig"; path = "Pods/Target Support Files/Pods/Pods.staging release.xcconfig"; sourceTree = "<group>"; };
		E5331C90BAAD6850DDEB09A6 /* Pods.production release.xcconfig */ = {isa = PBXFileReference; includeInIndex = 1; lastKnownFileType = text.xcconfig; name = "Pods.production release.xcconfig"; path = "Pods/Target Support Files/Pods/Pods.production release.xcconfig"; sourceTree = "<group>"; };
/* End PBXFileReference section */

/* Begin PBXFrameworksBuildPhase section */
		49FC9A1B1BCFB5D4006FA40E /* Frameworks */ = {
			isa = PBXFrameworksBuildPhase;
			buildActionMask = 2147483647;
			files = (
				49FC9A581BCFB79D006FA40E /* MapKit.framework in Frameworks */,
				8401316E6602AC5695AE1162 /* Pods.framework in Frameworks */,
			);
			runOnlyForDeploymentPostprocessing = 0;
		};
		49FC9A2F1BCFB5D4006FA40E /* Frameworks */ = {
			isa = PBXFrameworksBuildPhase;
			buildActionMask = 2147483647;
			files = (
			);
			runOnlyForDeploymentPostprocessing = 0;
		};
		49FC9A3A1BCFB5D4006FA40E /* Frameworks */ = {
			isa = PBXFrameworksBuildPhase;
			buildActionMask = 2147483647;
			files = (
			);
			runOnlyForDeploymentPostprocessing = 0;
		};
/* End PBXFrameworksBuildPhase section */

/* Begin PBXGroup section */
		49FC9A151BCFB5D4006FA40E = {
			isa = PBXGroup;
			children = (
				49FC9A201BCFB5D4006FA40E /* Drivecast */,
				49FC9A351BCFB5D4006FA40E /* DrivecastTests */,
				49FC9A401BCFB5D4006FA40E /* DrivecastUITests */,
				49FC9A1F1BCFB5D4006FA40E /* Products */,
				A691FB0BBB5BAF089739C7D3 /* Pods */,
				7BB9A93BEB34EB81D32D5871 /* Frameworks */,
			);
			sourceTree = "<group>";
		};
		49FC9A1F1BCFB5D4006FA40E /* Products */ = {
			isa = PBXGroup;
			children = (
				49FC9A1E1BCFB5D4006FA40E /* Drivecast.app */,
				49FC9A321BCFB5D4006FA40E /* DrivecastTests.xctest */,
				49FC9A3D1BCFB5D4006FA40E /* DrivecastUITests.xctest */,
			);
			name = Products;
			sourceTree = "<group>";
		};
		49FC9A201BCFB5D4006FA40E /* Drivecast */ = {
			isa = PBXGroup;
			children = (
				49FC9A211BCFB5D4006FA40E /* AppDelegate.swift */,
				49FC9A2D1BCFB5D4006FA40E /* Info.plist */,
				49FC9A6E1BCFB852006FA40E /* Extensions */,
				49FC9A741BCFB852006FA40E /* Helpers */,
				49FC9A761BCFB852006FA40E /* Interfaces */,
				49FC9A7B1BCFB852006FA40E /* Libraries */,
				49FC9A811BCFB852006FA40E /* Models */,
				49FC9A831BCFB852006FA40E /* Protocols */,
				49FC9A861BCFB852006FA40E /* Ressources */,
				49FC9A8A1BCFB852006FA40E /* ViewControllers */,
				49FC9A8D1BCFB852006FA40E /* ViewModels */,
				49FC9A8F1BCFB852006FA40E /* Views */,
			);
			path = Drivecast;
			sourceTree = "<group>";
		};
		49FC9A351BCFB5D4006FA40E /* DrivecastTests */ = {
			isa = PBXGroup;
			children = (
				49FC9A361BCFB5D4006FA40E /* DrivecastTests.swift */,
				49FC9A381BCFB5D4006FA40E /* Info.plist */,
			);
			path = DrivecastTests;
			sourceTree = "<group>";
		};
		49FC9A401BCFB5D4006FA40E /* DrivecastUITests */ = {
			isa = PBXGroup;
			children = (
				49FC9A411BCFB5D4006FA40E /* DrivecastUITests.swift */,
				49FC9A431BCFB5D4006FA40E /* Info.plist */,
			);
			path = DrivecastUITests;
			sourceTree = "<group>";
		};
		49FC9A6E1BCFB852006FA40E /* Extensions */ = {
			isa = PBXGroup;
			children = (
				49DAC9CF1BD5B48400CD300F /* CLLocationDistance.swift */,
				49FC9A6F1BCFB852006FA40E /* JSON.swift */,
				49DAC9D11BD5B58E00CD300F /* NSTimeInterval.swift */,
				49DAC9D31BD5B75E00CD300F /* NSTimer.swift */,
				494C76911BD05F6000B86491 /* String.swift */,
				49DAC9CD1BD5A90600CD300F /* UIButton.swift */,
				49FC9A711BCFB852006FA40E /* UIColor.swift */,
				49DAC9CB1BD4E66D00CD300F /* UIControl.swift */,
				49FC9A721BCFB852006FA40E /* UIImage.swift */,
				4920F8BC1BD470A3001D3C16 /* UILabel.swift */,
				49FC9A731BCFB852006FA40E /* UIStoryboard.swift */,
				498274221BD16F66003445B0 /* UITextField.swift */,
				494C769E1BD1329F00B86491 /* UIView.swift */,
				4920F8B41BD42C62001D3C16 /* UIViewController.swift */,
				4975CECA1BE61A6800FF6943 /* UIApplication.swift */,
			);
			path = Extensions;
			sourceTree = "<group>";
		};
		49FC9A741BCFB852006FA40E /* Helpers */ = {
			isa = PBXGroup;
			children = (
				49FC9A751BCFB852006FA40E /* DCTLog.swift */,
				498274201BD16D3B003445B0 /* RACHelpers.swift */,
			);
			path = Helpers;
			sourceTree = "<group>";
		};
		49FC9A761BCFB852006FA40E /* Interfaces */ = {
			isa = PBXGroup;
			children = (
				49FC9A771BCFB852006FA40E /* LaunchScreen.storyboard */,
				49FC9A791BCFB852006FA40E /* Main.storyboard */,
			);
			path = Interfaces;
			sourceTree = "<group>";
		};
		49FC9A7B1BCFB852006FA40E /* Libraries */ = {
			isa = PBXGroup;
			children = (
				49FC9A7C1BCFB852006FA40E /* SDCBluetoothManager.swift */,
				49FC9A7D1BCFB852006FA40E /* SDCBluetoothManagerConfiguration.swift */,
				49FC9A7E1BCFB852006FA40E /* SDCBluetoothRemotePeripheral.swift */,
				49B0FA321BD051AF0078490C /* SDCMeasurementColorLUT.swift */,
				49FC9A7F1BCFB852006FA40E /* SDCSafecastAPI.swift */,
				49FC9A801BCFB852006FA40E /* SDCSafecastAPIRouter.swift */,
				4920F8BA1BD461A4001D3C16 /* SDCLogParser.swift */,
			);
			path = Libraries;
			sourceTree = "<group>";
		};
		49FC9A811BCFB852006FA40E /* Models */ = {
			isa = PBXGroup;
			children = (
				49FC9A821BCFB852006FA40E /* SDCImport.swift */,
				494C768F1BD05AB600B86491 /* SDCUser.swift */,
				4920F8B81BD46162001D3C16 /* SDCMeasurement.swift */,
			);
			path = Models;
			sourceTree = "<group>";
		};
		49FC9A831BCFB852006FA40E /* Protocols */ = {
			isa = PBXGroup;
			children = (
				49FC9A841BCFB852006FA40E /* JSONCollectionDecodable.swift */,
				49FC9A851BCFB852006FA40E /* JSONDecodable.swift */,
				494C769C1BD0EBC100B86491 /* JSONEncodable.swift */,
				4995A0571BD66FF200854DC7 /* Persistable.swift */,
				4995A05B1BD67B0D00854DC7 /* RealmPersistable.swift */,
				49D619EC1BE233B8005F8B11 /* SDCDashboardImportLogCell.swift */,
			);
			path = Protocols;
			sourceTree = "<group>";
		};
		49FC9A861BCFB852006FA40E /* Ressources */ = {
			isa = PBXGroup;
			children = (
				49FC9A871BCFB852006FA40E /* Assets.xcassets */,
				49FC9A881BCFB852006FA40E /* Colors */,
				49FC9A891BCFB852006FA40E /* SDCConfiguration.swift */,
			);
			path = Ressources;
			sourceTree = "<group>";
		};
		49FC9A8A1BCFB852006FA40E /* ViewControllers */ = {
			isa = PBXGroup;
			children = (
				49B0FA2C1BD00FDB0078490C /* SDCAboutTableViewController.swift */,
				4920F8B21BD415F7001D3C16 /* SDCConsoleViewController.swift */,
				49FC9A8C1BCFB852006FA40E /* SDCDashboardViewController.swift */,
				49FC9A8B1BCFB852006FA40E /* SDCRecordViewController.swift */,
				49B0FA301BD01CF10078490C /* SDCSignInViewController.swift */,
				49B0FA261BD007F50078490C /* SDCUploadViewController.swift */,
			);
			path = ViewControllers;
			sourceTree = "<group>";
		};
		49FC9A8D1BCFB852006FA40E /* ViewModels */ = {
			isa = PBXGroup;
			children = (
				49B0FA2E1BD0105A0078490C /* SDCAboutViewModel.swift */,
				49B0FA2A1BD00F920078490C /* SDCDashboardViewModel.swift */,
				49FC9A8E1BCFB852006FA40E /* SDCRecordViewModel.swift */,
				494C76A21BD1648700B86491 /* SDCSignInViewModel.swift */,
				49B0FA281BD00F5D0078490C /* SDCUploadViewModel.swift */,
			);
			path = ViewModels;
			sourceTree = "<group>";
		};
		49FC9A8F1BCFB852006FA40E /* Views */ = {
			isa = PBXGroup;
			children = (
				4925AF641BD687310078922D /* SCRMeasurementOverlay.swift */,
				4925AF651BD687310078922D /* SCRMultiMeasurementOverlay.swift */,
				4925AF661BD687310078922D /* SCRMultiMeasurementOverlayRenderer.swift */,
				494C76961BD074FB00B86491 /* SDCCircleTransitionAnimator.swift */,
				49C04EBC1BE112AF002B7703 /* SDCConsoleLogEntryCell.swift */,
				49D619EA1BE22B87005F8B11 /* SDCDashboardImportLogActionCellDelegate.swift */,
				49C04EB81BE11268002B7703 /* SDCDashboardImportLogDetailsCell.swift */,
				49C04EBA1BE11285002B7703 /* SDCDashboardImportLogHeaderCell.swift */,
				49D619EE1BE234C7005F8B11 /* SDCDashboardImportLogMetadataActionCell.swift */,
				49D619E81BE22B60005F8B11 /* SDCDashboardImportLogOpenAPICell.swift */,
				49B948041BE4CD380019507C /* SDCDashboardImportLogOpenMapCell.swift */,
				49590B591BD4DD6A00A032A1 /* SDCMeasurementCircleView.swift */,
				4925AF6A1BD6E1510078922D /* SDCMeasurementScaleView.swift */,
			);
			path = Views;
			sourceTree = "<group>";
		};
		7BB9A93BEB34EB81D32D5871 /* Frameworks */ = {
			isa = PBXGroup;
			children = (
				49FC9A571BCFB79D006FA40E /* MapKit.framework */,
				257394F867C97FD4FC62AE03 /* Pods.framework */,
			);
			name = Frameworks;
			sourceTree = "<group>";
		};
		A691FB0BBB5BAF089739C7D3 /* Pods */ = {
			isa = PBXGroup;
			children = (
				56B8D662FA9703DECFEE8609 /* Pods.production debug.xcconfig */,
				8D72FD4BB90C87934F44102E /* Pods.staging debug.xcconfig */,
				E5331C90BAAD6850DDEB09A6 /* Pods.production release.xcconfig */,
				BBFF8E9ECA56CCE4BEFC6195 /* Pods.staging release.xcconfig */,
			);
			name = Pods;
			sourceTree = "<group>";
		};
/* End PBXGroup section */

/* Begin PBXNativeTarget section */
		49FC9A1D1BCFB5D4006FA40E /* Drivecast */ = {
			isa = PBXNativeTarget;
			buildConfigurationList = 49FC9A461BCFB5D4006FA40E /* Build configuration list for PBXNativeTarget "Drivecast" */;
			buildPhases = (
				913E7A30E20C27C0ECED9C8E /* Check Pods Manifest.lock */,
				49FC9A1A1BCFB5D4006FA40E /* Sources */,
				49FC9A1B1BCFB5D4006FA40E /* Frameworks */,
				49FC9A1C1BCFB5D4006FA40E /* Resources */,
				CAA5D2D00E21CAD13DE15A3B /* Embed Pods Frameworks */,
				5FAA808051319E6B38A6614A /* Copy Pods Resources */,
				49FC9AA61BCFDA37006FA40E /* Run Swiftgen Script */,
			);
			buildRules = (
			);
			dependencies = (
			);
			name = Drivecast;
			productName = Drivecast;
			productReference = 49FC9A1E1BCFB5D4006FA40E /* Drivecast.app */;
			productType = "com.apple.product-type.application";
		};
		49FC9A311BCFB5D4006FA40E /* DrivecastTests */ = {
			isa = PBXNativeTarget;
			buildConfigurationList = 49FC9A491BCFB5D4006FA40E /* Build configuration list for PBXNativeTarget "DrivecastTests" */;
			buildPhases = (
				49FC9A2E1BCFB5D4006FA40E /* Sources */,
				49FC9A2F1BCFB5D4006FA40E /* Frameworks */,
				49FC9A301BCFB5D4006FA40E /* Resources */,
			);
			buildRules = (
			);
			dependencies = (
				49FC9A341BCFB5D4006FA40E /* PBXTargetDependency */,
			);
			name = DrivecastTests;
			productName = DrivecastTests;
			productReference = 49FC9A321BCFB5D4006FA40E /* DrivecastTests.xctest */;
			productType = "com.apple.product-type.bundle.unit-test";
		};
		49FC9A3C1BCFB5D4006FA40E /* DrivecastUITests */ = {
			isa = PBXNativeTarget;
			buildConfigurationList = 49FC9A4C1BCFB5D4006FA40E /* Build configuration list for PBXNativeTarget "DrivecastUITests" */;
			buildPhases = (
				49FC9A391BCFB5D4006FA40E /* Sources */,
				49FC9A3A1BCFB5D4006FA40E /* Frameworks */,
				49FC9A3B1BCFB5D4006FA40E /* Resources */,
			);
			buildRules = (
			);
			dependencies = (
				49FC9A3F1BCFB5D4006FA40E /* PBXTargetDependency */,
			);
			name = DrivecastUITests;
			productName = DrivecastUITests;
			productReference = 49FC9A3D1BCFB5D4006FA40E /* DrivecastUITests.xctest */;
			productType = "com.apple.product-type.bundle.ui-testing";
		};
/* End PBXNativeTarget section */

/* Begin PBXProject section */
		49FC9A161BCFB5D4006FA40E /* Project object */ = {
			isa = PBXProject;
			attributes = {
				LastUpgradeCheck = 0700;
				ORGANIZATIONNAME = Safecast;
				TargetAttributes = {
					49FC9A1D1BCFB5D4006FA40E = {
						CreatedOnToolsVersion = 7.0.1;
						DevelopmentTeam = 7S5AAN8833;
						SystemCapabilities = {
							com.apple.BackgroundModes = {
								enabled = 1;
							};
							com.apple.Maps.iOS = {
								enabled = 1;
							};
						};
					};
					49FC9A311BCFB5D4006FA40E = {
						CreatedOnToolsVersion = 7.0.1;
						TestTargetID = 49FC9A1D1BCFB5D4006FA40E;
					};
					49FC9A3C1BCFB5D4006FA40E = {
						CreatedOnToolsVersion = 7.0.1;
						TestTargetID = 49FC9A1D1BCFB5D4006FA40E;
					};
				};
			};
			buildConfigurationList = 49FC9A191BCFB5D4006FA40E /* Build configuration list for PBXProject "Drivecast" */;
			compatibilityVersion = "Xcode 3.2";
			developmentRegion = English;
			hasScannedForEncodings = 0;
			knownRegions = (
				en,
				Base,
			);
			mainGroup = 49FC9A151BCFB5D4006FA40E;
			productRefGroup = 49FC9A1F1BCFB5D4006FA40E /* Products */;
			projectDirPath = "";
			projectRoot = "";
			targets = (
				49FC9A1D1BCFB5D4006FA40E /* Drivecast */,
				49FC9A311BCFB5D4006FA40E /* DrivecastTests */,
				49FC9A3C1BCFB5D4006FA40E /* DrivecastUITests */,
			);
		};
/* End PBXProject section */

/* Begin PBXResourcesBuildPhase section */
		49FC9A1C1BCFB5D4006FA40E /* Resources */ = {
			isa = PBXResourcesBuildPhase;
			buildActionMask = 2147483647;
			files = (
				49FC9AA11BCFB852006FA40E /* Colors in Resources */,
				49FC9A961BCFB852006FA40E /* LaunchScreen.storyboard in Resources */,
				49FC9AA01BCFB852006FA40E /* Assets.xcassets in Resources */,
				49FC9A971BCFB852006FA40E /* Main.storyboard in Resources */,
			);
			runOnlyForDeploymentPostprocessing = 0;
		};
		49FC9A301BCFB5D4006FA40E /* Resources */ = {
			isa = PBXResourcesBuildPhase;
			buildActionMask = 2147483647;
			files = (
			);
			runOnlyForDeploymentPostprocessing = 0;
		};
		49FC9A3B1BCFB5D4006FA40E /* Resources */ = {
			isa = PBXResourcesBuildPhase;
			buildActionMask = 2147483647;
			files = (
			);
			runOnlyForDeploymentPostprocessing = 0;
		};
/* End PBXResourcesBuildPhase section */

/* Begin PBXShellScriptBuildPhase section */
		49FC9AA61BCFDA37006FA40E /* Run Swiftgen Script */ = {
			isa = PBXShellScriptBuildPhase;
			buildActionMask = 2147483647;
			files = (
			);
			inputPaths = (
			);
			name = "Run Swiftgen Script";
			outputPaths = (
			);
			runOnlyForDeploymentPostprocessing = 0;
			shellPath = /bin/sh;
			shellScript = "swiftgen-storyboard \"${SRCROOT}/Drivecast/Interfaces/Base.lproj/Main.storyboard\" > \"${SRCROOT}/Drivecast/Extensions/UIStoryboard.swift\"\n\nswiftgen-colors \"${SRCROOT}/Drivecast/Ressources/Colors\" > \"${SRCROOT}/Drivecast/Extensions/UIColor.swift\"\n\nswiftgen-assets \"${SRCROOT}/Drivecast/Ressources/Assets.xcassets\" > \"${SRCROOT}/Drivecast/Extensions/UIImage.swift\"\n\n#swiftgen-l10n \"${SRCROOT}/Drivecast/Ressources/Localizable.strings\" > \"${SRCROOT}/Drivecast/Extensions/L10n.swift\"";
		};
		5FAA808051319E6B38A6614A /* Copy Pods Resources */ = {
			isa = PBXShellScriptBuildPhase;
			buildActionMask = 2147483647;
			files = (
			);
			inputPaths = (
			);
			name = "Copy Pods Resources";
			outputPaths = (
			);
			runOnlyForDeploymentPostprocessing = 0;
			shellPath = /bin/sh;
			shellScript = "\"${SRCROOT}/Pods/Target Support Files/Pods/Pods-resources.sh\"\n";
			showEnvVarsInLog = 0;
		};
		913E7A30E20C27C0ECED9C8E /* Check Pods Manifest.lock */ = {
			isa = PBXShellScriptBuildPhase;
			buildActionMask = 2147483647;
			files = (
			);
			inputPaths = (
			);
			name = "Check Pods Manifest.lock";
			outputPaths = (
			);
			runOnlyForDeploymentPostprocessing = 0;
			shellPath = /bin/sh;
			shellScript = "diff \"${PODS_ROOT}/../Podfile.lock\" \"${PODS_ROOT}/Manifest.lock\" > /dev/null\nif [[ $? != 0 ]] ; then\n    cat << EOM\nerror: The sandbox is not in sync with the Podfile.lock. Run 'pod install' or update your CocoaPods installation.\nEOM\n    exit 1\nfi\n";
			showEnvVarsInLog = 0;
		};
		CAA5D2D00E21CAD13DE15A3B /* Embed Pods Frameworks */ = {
			isa = PBXShellScriptBuildPhase;
			buildActionMask = 2147483647;
			files = (
			);
			inputPaths = (
			);
			name = "Embed Pods Frameworks";
			outputPaths = (
			);
			runOnlyForDeploymentPostprocessing = 0;
			shellPath = /bin/sh;
			shellScript = "\"${SRCROOT}/Pods/Target Support Files/Pods/Pods-frameworks.sh\"\n";
			showEnvVarsInLog = 0;
		};
/* End PBXShellScriptBuildPhase section */

/* Begin PBXSourcesBuildPhase section */
		49FC9A1A1BCFB5D4006FA40E /* Sources */ = {
			isa = PBXSourcesBuildPhase;
			buildActionMask = 2147483647;
			files = (
				49C04EBB1BE11285002B7703 /* SDCDashboardImportLogHeaderCell.swift in Sources */,
				49FC9A9C1BCFB852006FA40E /* SDCSafecastAPIRouter.swift in Sources */,
				49B0FA331BD051AF0078490C /* SDCMeasurementColorLUT.swift in Sources */,
				4975CECB1BE61A6800FF6943 /* UIApplication.swift in Sources */,
				4920F8B51BD42C62001D3C16 /* UIViewController.swift in Sources */,
				49FC9A941BCFB852006FA40E /* UIStoryboard.swift in Sources */,
				49DAC9D21BD5B58E00CD300F /* NSTimeInterval.swift in Sources */,
				49D619ED1BE233B8005F8B11 /* SDCDashboardImportLogCell.swift in Sources */,
				4995A05C1BD67B0D00854DC7 /* RealmPersistable.swift in Sources */,
				494C76921BD05F6000B86491 /* String.swift in Sources */,
				49B0FA2F1BD0105A0078490C /* SDCAboutViewModel.swift in Sources */,
				49DAC9D01BD5B48400CD300F /* CLLocationDistance.swift in Sources */,
				49FC9AA41BCFB852006FA40E /* SDCDashboardViewController.swift in Sources */,
				494C76971BD074FB00B86491 /* SDCCircleTransitionAnimator.swift in Sources */,
				494C76901BD05AB600B86491 /* SDCUser.swift in Sources */,
				49FC9A221BCFB5D4006FA40E /* AppDelegate.swift in Sources */,
				49DAC9CE1BD5A90600CD300F /* UIButton.swift in Sources */,
				49FC9AA21BCFB852006FA40E /* SDCConfiguration.swift in Sources */,
				494C769F1BD1329F00B86491 /* UIView.swift in Sources */,
				49C04EB91BE11268002B7703 /* SDCDashboardImportLogDetailsCell.swift in Sources */,
				49DAC9D41BD5B75E00CD300F /* NSTimer.swift in Sources */,
				49B0FA2D1BD00FDB0078490C /* SDCAboutTableViewController.swift in Sources */,
				49FC9A931BCFB852006FA40E /* UIImage.swift in Sources */,
				49FC9A951BCFB852006FA40E /* DCTLog.swift in Sources */,
				49590B5A1BD4DD6A00A032A1 /* SDCMeasurementCircleView.swift in Sources */,
				49B948051BE4CD380019507C /* SDCDashboardImportLogOpenMapCell.swift in Sources */,
				498274231BD16F66003445B0 /* UITextField.swift in Sources */,
				4925AF6B1BD6E1510078922D /* SDCMeasurementScaleView.swift in Sources */,
				4920F8BB1BD461A4001D3C16 /* SDCLogParser.swift in Sources */,
				49D619EF1BE234C7005F8B11 /* SDCDashboardImportLogMetadataActionCell.swift in Sources */,
				4995A0581BD66FF200854DC7 /* Persistable.swift in Sources */,
				4925AF691BD687310078922D /* SCRMultiMeasurementOverlayRenderer.swift in Sources */,
				494C769D1BD0EBC100B86491 /* JSONEncodable.swift in Sources */,
				49B0FA311BD01CF10078490C /* SDCSignInViewController.swift in Sources */,
				49D619EB1BE22B87005F8B11 /* SDCDashboardImportLogActionCellDelegate.swift in Sources */,
				49B0FA2B1BD00F920078490C /* SDCDashboardViewModel.swift in Sources */,
				49FC9A9E1BCFB852006FA40E /* JSONCollectionDecodable.swift in Sources */,
				49FC9AA51BCFB852006FA40E /* SDCRecordViewModel.swift in Sources */,
				4920F8B91BD46162001D3C16 /* SDCMeasurement.swift in Sources */,
				49FC9A9F1BCFB852006FA40E /* JSONDecodable.swift in Sources */,
				498274211BD16D3B003445B0 /* RACHelpers.swift in Sources */,
				49FC9A921BCFB852006FA40E /* UIColor.swift in Sources */,
				49FC9A9A1BCFB852006FA40E /* SDCBluetoothRemotePeripheral.swift in Sources */,
				49FC9A901BCFB852006FA40E /* JSON.swift in Sources */,
				4920F8BD1BD470A3001D3C16 /* UILabel.swift in Sources */,
				49B0FA271BD007F50078490C /* SDCUploadViewController.swift in Sources */,
				4925AF671BD687310078922D /* SCRMeasurementOverlay.swift in Sources */,
				4925AF681BD687310078922D /* SCRMultiMeasurementOverlay.swift in Sources */,
				49FC9A9B1BCFB852006FA40E /* SDCSafecastAPI.swift in Sources */,
				494C76A31BD1648700B86491 /* SDCSignInViewModel.swift in Sources */,
				49DAC9CC1BD4E66D00CD300F /* UIControl.swift in Sources */,
				49D619E91BE22B60005F8B11 /* SDCDashboardImportLogOpenAPICell.swift in Sources */,
				49C04EBD1BE112AF002B7703 /* SDCConsoleLogEntryCell.swift in Sources */,
				4920F8B31BD415F8001D3C16 /* SDCConsoleViewController.swift in Sources */,
				49FC9AA31BCFB852006FA40E /* SDCRecordViewController.swift in Sources */,
				49FC9A981BCFB852006FA40E /* SDCBluetoothManager.swift in Sources */,
				49FC9A9D1BCFB852006FA40E /* SDCImport.swift in Sources */,
				49B0FA291BD00F5D0078490C /* SDCUploadViewModel.swift in Sources */,
				49FC9A991BCFB852006FA40E /* SDCBluetoothManagerConfiguration.swift in Sources */,
			);
			runOnlyForDeploymentPostprocessing = 0;
		};
		49FC9A2E1BCFB5D4006FA40E /* Sources */ = {
			isa = PBXSourcesBuildPhase;
			buildActionMask = 2147483647;
			files = (
				49FC9A371BCFB5D4006FA40E /* DrivecastTests.swift in Sources */,
			);
			runOnlyForDeploymentPostprocessing = 0;
		};
		49FC9A391BCFB5D4006FA40E /* Sources */ = {
			isa = PBXSourcesBuildPhase;
			buildActionMask = 2147483647;
			files = (
				49FC9A421BCFB5D4006FA40E /* DrivecastUITests.swift in Sources */,
			);
			runOnlyForDeploymentPostprocessing = 0;
		};
/* End PBXSourcesBuildPhase section */

/* Begin PBXTargetDependency section */
		49FC9A341BCFB5D4006FA40E /* PBXTargetDependency */ = {
			isa = PBXTargetDependency;
			target = 49FC9A1D1BCFB5D4006FA40E /* Drivecast */;
			targetProxy = 49FC9A331BCFB5D4006FA40E /* PBXContainerItemProxy */;
		};
		49FC9A3F1BCFB5D4006FA40E /* PBXTargetDependency */ = {
			isa = PBXTargetDependency;
			target = 49FC9A1D1BCFB5D4006FA40E /* Drivecast */;
			targetProxy = 49FC9A3E1BCFB5D4006FA40E /* PBXContainerItemProxy */;
		};
/* End PBXTargetDependency section */

/* Begin PBXVariantGroup section */
		49FC9A771BCFB852006FA40E /* LaunchScreen.storyboard */ = {
			isa = PBXVariantGroup;
			children = (
				49FC9A781BCFB852006FA40E /* Base */,
			);
			name = LaunchScreen.storyboard;
			sourceTree = "<group>";
		};
		49FC9A791BCFB852006FA40E /* Main.storyboard */ = {
			isa = PBXVariantGroup;
			children = (
				49FC9A7A1BCFB852006FA40E /* Base */,
			);
			name = Main.storyboard;
			sourceTree = "<group>";
		};
/* End PBXVariantGroup section */

/* Begin XCBuildConfiguration section */
		49FC9A441BCFB5D4006FA40E /* Production Debug */ = {
			isa = XCBuildConfiguration;
			buildSettings = {
				ALWAYS_SEARCH_USER_PATHS = NO;
				CLANG_CXX_LANGUAGE_STANDARD = "gnu++0x";
				CLANG_CXX_LIBRARY = "libc++";
				CLANG_ENABLE_MODULES = YES;
				CLANG_ENABLE_OBJC_ARC = YES;
				CLANG_WARN_BOOL_CONVERSION = YES;
				CLANG_WARN_CONSTANT_CONVERSION = YES;
				CLANG_WARN_DIRECT_OBJC_ISA_USAGE = YES_ERROR;
				CLANG_WARN_EMPTY_BODY = YES;
				CLANG_WARN_ENUM_CONVERSION = YES;
				CLANG_WARN_INT_CONVERSION = YES;
				CLANG_WARN_OBJC_ROOT_CLASS = YES_ERROR;
				CLANG_WARN_UNREACHABLE_CODE = YES;
				CLANG_WARN__DUPLICATE_METHOD_MATCH = YES;
				CODE_SIGN_IDENTITY = "iPhone Distribution: Momoko Ito Foundation (7S5AAN8833)";
				COPY_PHASE_STRIP = NO;
				DEBUG_INFORMATION_FORMAT = dwarf;
				ENABLE_STRICT_OBJC_MSGSEND = YES;
				ENABLE_TESTABILITY = YES;
				GCC_C_LANGUAGE_STANDARD = gnu99;
				GCC_DYNAMIC_NO_PIC = NO;
				GCC_NO_COMMON_BLOCKS = YES;
				GCC_OPTIMIZATION_LEVEL = 0;
				GCC_PREPROCESSOR_DEFINITIONS = (
					"DEBUG=1",
					"$(inherited)",
				);
				GCC_WARN_64_TO_32_BIT_CONVERSION = YES;
				GCC_WARN_ABOUT_RETURN_TYPE = YES_ERROR;
				GCC_WARN_UNDECLARED_SELECTOR = YES;
				GCC_WARN_UNINITIALIZED_AUTOS = YES_AGGRESSIVE;
				GCC_WARN_UNUSED_FUNCTION = YES;
				GCC_WARN_UNUSED_VARIABLE = YES;
				IPHONEOS_DEPLOYMENT_TARGET = 8.0;
				MTL_ENABLE_DEBUG_INFO = YES;
				ONLY_ACTIVE_ARCH = YES;
				OTHER_SWIFT_FLAGS = "-DDEBUG";
				PROVISIONING_PROFILE = "e6ba0011-b0d0-4389-9b2c-20ed8744dfcf";
				SDKROOT = iphoneos;
				SWIFT_OPTIMIZATION_LEVEL = "-Onone";
			};
			name = "Production Debug";
		};
		49FC9A451BCFB5D4006FA40E /* Production Release */ = {
			isa = XCBuildConfiguration;
			buildSettings = {
				ALWAYS_SEARCH_USER_PATHS = NO;
				CLANG_CXX_LANGUAGE_STANDARD = "gnu++0x";
				CLANG_CXX_LIBRARY = "libc++";
				CLANG_ENABLE_MODULES = YES;
				CLANG_ENABLE_OBJC_ARC = YES;
				CLANG_WARN_BOOL_CONVERSION = YES;
				CLANG_WARN_CONSTANT_CONVERSION = YES;
				CLANG_WARN_DIRECT_OBJC_ISA_USAGE = YES_ERROR;
				CLANG_WARN_EMPTY_BODY = YES;
				CLANG_WARN_ENUM_CONVERSION = YES;
				CLANG_WARN_INT_CONVERSION = YES;
				CLANG_WARN_OBJC_ROOT_CLASS = YES_ERROR;
				CLANG_WARN_UNREACHABLE_CODE = YES;
				CLANG_WARN__DUPLICATE_METHOD_MATCH = YES;
				CODE_SIGN_IDENTITY = "iPhone Distribution: Momoko Ito Foundation (7S5AAN8833)";
				COPY_PHASE_STRIP = NO;
				DEBUG_INFORMATION_FORMAT = "dwarf-with-dsym";
				ENABLE_NS_ASSERTIONS = NO;
				ENABLE_STRICT_OBJC_MSGSEND = YES;
				GCC_C_LANGUAGE_STANDARD = gnu99;
				GCC_NO_COMMON_BLOCKS = YES;
				GCC_PREPROCESSOR_DEFINITIONS = "$(inherited)";
				GCC_WARN_64_TO_32_BIT_CONVERSION = YES;
				GCC_WARN_ABOUT_RETURN_TYPE = YES_ERROR;
				GCC_WARN_UNDECLARED_SELECTOR = YES;
				GCC_WARN_UNINITIALIZED_AUTOS = YES_AGGRESSIVE;
				GCC_WARN_UNUSED_FUNCTION = YES;
				GCC_WARN_UNUSED_VARIABLE = YES;
				IPHONEOS_DEPLOYMENT_TARGET = 8.0;
				MTL_ENABLE_DEBUG_INFO = NO;
				PROVISIONING_PROFILE = "e6ba0011-b0d0-4389-9b2c-20ed8744dfcf";
				SDKROOT = iphoneos;
				VALIDATE_PRODUCT = YES;
			};
			name = "Production Release";
		};
		49FC9A471BCFB5D4006FA40E /* Production Debug */ = {
			isa = XCBuildConfiguration;
			baseConfigurationReference = 56B8D662FA9703DECFEE8609 /* Pods.production debug.xcconfig */;
			buildSettings = {
				ASSETCATALOG_COMPILER_APPICON_NAME = AppIcon;
				CODE_SIGN_IDENTITY = "iPhone Developer";
				INFOPLIST_FILE = Drivecast/Info.plist;
				LD_RUNPATH_SEARCH_PATHS = "$(inherited) @executable_path/Frameworks";
				PRODUCT_BUNDLE_IDENTIFIER = com.momokoito.drivecast;
				PRODUCT_NAME = "$(TARGET_NAME)";
			};
			name = "Production Debug";
		};
		49FC9A481BCFB5D4006FA40E /* Production Release */ = {
			isa = XCBuildConfiguration;
			baseConfigurationReference = E5331C90BAAD6850DDEB09A6 /* Pods.production release.xcconfig */;
			buildSettings = {
				ASSETCATALOG_COMPILER_APPICON_NAME = AppIcon;
				CODE_SIGN_IDENTITY = "iPhone Distribution";
				INFOPLIST_FILE = Drivecast/Info.plist;
				LD_RUNPATH_SEARCH_PATHS = "$(inherited) @executable_path/Frameworks";
				PRODUCT_BUNDLE_IDENTIFIER = com.momokoito.drivecast;
				PRODUCT_NAME = "$(TARGET_NAME)";
			};
			name = "Production Release";
		};
		49FC9A4A1BCFB5D4006FA40E /* Production Debug */ = {
			isa = XCBuildConfiguration;
			buildSettings = {
				BUNDLE_LOADER = "$(TEST_HOST)";
				INFOPLIST_FILE = DrivecastTests/Info.plist;
				LD_RUNPATH_SEARCH_PATHS = "$(inherited) @executable_path/Frameworks @loader_path/Frameworks";
				PRODUCT_BUNDLE_IDENTIFIER = com.momokoito.DrivecastTests;
				PRODUCT_NAME = "$(TARGET_NAME)";
				TEST_HOST = "$(BUILT_PRODUCTS_DIR)/Drivecast.app/Drivecast";
			};
			name = "Production Debug";
		};
		49FC9A4B1BCFB5D4006FA40E /* Production Release */ = {
			isa = XCBuildConfiguration;
			buildSettings = {
				BUNDLE_LOADER = "$(TEST_HOST)";
				INFOPLIST_FILE = DrivecastTests/Info.plist;
				LD_RUNPATH_SEARCH_PATHS = "$(inherited) @executable_path/Frameworks @loader_path/Frameworks";
				PRODUCT_BUNDLE_IDENTIFIER = com.momokoito.DrivecastTests;
				PRODUCT_NAME = "$(TARGET_NAME)";
				TEST_HOST = "$(BUILT_PRODUCTS_DIR)/Drivecast.app/Drivecast";
			};
			name = "Production Release";
		};
		49FC9A4D1BCFB5D4006FA40E /* Production Debug */ = {
			isa = XCBuildConfiguration;
			buildSettings = {
				INFOPLIST_FILE = DrivecastUITests/Info.plist;
				LD_RUNPATH_SEARCH_PATHS = "$(inherited) @executable_path/Frameworks @loader_path/Frameworks";
				PRODUCT_BUNDLE_IDENTIFIER = com.momokoito.DrivecastUITests;
				PRODUCT_NAME = "$(TARGET_NAME)";
				TEST_TARGET_NAME = Drivecast;
				USES_XCTRUNNER = YES;
			};
			name = "Production Debug";
		};
		49FC9A4E1BCFB5D4006FA40E /* Production Release */ = {
			isa = XCBuildConfiguration;
			buildSettings = {
				INFOPLIST_FILE = DrivecastUITests/Info.plist;
				LD_RUNPATH_SEARCH_PATHS = "$(inherited) @executable_path/Frameworks @loader_path/Frameworks";
				PRODUCT_BUNDLE_IDENTIFIER = com.momokoito.DrivecastUITests;
				PRODUCT_NAME = "$(TARGET_NAME)";
				TEST_TARGET_NAME = Drivecast;
				USES_XCTRUNNER = YES;
			};
			name = "Production Release";
		};
		49FC9A4F1BCFB5E0006FA40E /* Staging Debug */ = {
			isa = XCBuildConfiguration;
			buildSettings = {
				ALWAYS_SEARCH_USER_PATHS = NO;
				CLANG_CXX_LANGUAGE_STANDARD = "gnu++0x";
				CLANG_CXX_LIBRARY = "libc++";
				CLANG_ENABLE_MODULES = YES;
				CLANG_ENABLE_OBJC_ARC = YES;
				CLANG_WARN_BOOL_CONVERSION = YES;
				CLANG_WARN_CONSTANT_CONVERSION = YES;
				CLANG_WARN_DIRECT_OBJC_ISA_USAGE = YES_ERROR;
				CLANG_WARN_EMPTY_BODY = YES;
				CLANG_WARN_ENUM_CONVERSION = YES;
				CLANG_WARN_INT_CONVERSION = YES;
				CLANG_WARN_OBJC_ROOT_CLASS = YES_ERROR;
				CLANG_WARN_UNREACHABLE_CODE = YES;
				CLANG_WARN__DUPLICATE_METHOD_MATCH = YES;
				CODE_SIGN_IDENTITY = "iPhone Distribution: Momoko Ito Foundation (7S5AAN8833)";
				COPY_PHASE_STRIP = NO;
				DEBUG_INFORMATION_FORMAT = dwarf;
				ENABLE_STRICT_OBJC_MSGSEND = YES;
				ENABLE_TESTABILITY = YES;
				GCC_C_LANGUAGE_STANDARD = gnu99;
				GCC_DYNAMIC_NO_PIC = NO;
				GCC_NO_COMMON_BLOCKS = YES;
				GCC_OPTIMIZATION_LEVEL = 0;
				GCC_PREPROCESSOR_DEFINITIONS = (
					"DEBUG=1",
					"$(inherited)",
				);
				GCC_WARN_64_TO_32_BIT_CONVERSION = YES;
				GCC_WARN_ABOUT_RETURN_TYPE = YES_ERROR;
				GCC_WARN_UNDECLARED_SELECTOR = YES;
				GCC_WARN_UNINITIALIZED_AUTOS = YES_AGGRESSIVE;
				GCC_WARN_UNUSED_FUNCTION = YES;
				GCC_WARN_UNUSED_VARIABLE = YES;
				IPHONEOS_DEPLOYMENT_TARGET = 8.0;
				MTL_ENABLE_DEBUG_INFO = YES;
				ONLY_ACTIVE_ARCH = YES;
				OTHER_SWIFT_FLAGS = "-DSTAGING -DDEBUG";
				PROVISIONING_PROFILE = "e6ba0011-b0d0-4389-9b2c-20ed8744dfcf";
				SDKROOT = iphoneos;
				SWIFT_OPTIMIZATION_LEVEL = "-Onone";
			};
			name = "Staging Debug";
		};
		49FC9A501BCFB5E0006FA40E /* Staging Debug */ = {
			isa = XCBuildConfiguration;
			baseConfigurationReference = 8D72FD4BB90C87934F44102E /* Pods.staging debug.xcconfig */;
			buildSettings = {
				ASSETCATALOG_COMPILER_APPICON_NAME = AppIcon;
				CODE_SIGN_IDENTITY = "iPhone Developer";
				INFOPLIST_FILE = Drivecast/Info.plist;
				LD_RUNPATH_SEARCH_PATHS = "$(inherited) @executable_path/Frameworks";
				PRODUCT_BUNDLE_IDENTIFIER = com.momokoito.drivecast;
				PRODUCT_NAME = "$(TARGET_NAME)";
			};
			name = "Staging Debug";
		};
		49FC9A511BCFB5E0006FA40E /* Staging Debug */ = {
			isa = XCBuildConfiguration;
			buildSettings = {
				BUNDLE_LOADER = "$(TEST_HOST)";
				INFOPLIST_FILE = DrivecastTests/Info.plist;
				LD_RUNPATH_SEARCH_PATHS = "$(inherited) @executable_path/Frameworks @loader_path/Frameworks";
				PRODUCT_BUNDLE_IDENTIFIER = com.momokoito.DrivecastTests;
				PRODUCT_NAME = "$(TARGET_NAME)";
				TEST_HOST = "$(BUILT_PRODUCTS_DIR)/Drivecast.app/Drivecast";
			};
			name = "Staging Debug";
		};
		49FC9A521BCFB5E0006FA40E /* Staging Debug */ = {
			isa = XCBuildConfiguration;
			buildSettings = {
				INFOPLIST_FILE = DrivecastUITests/Info.plist;
				LD_RUNPATH_SEARCH_PATHS = "$(inherited) @executable_path/Frameworks @loader_path/Frameworks";
				PRODUCT_BUNDLE_IDENTIFIER = com.momokoito.DrivecastUITests;
				PRODUCT_NAME = "$(TARGET_NAME)";
				TEST_TARGET_NAME = Drivecast;
				USES_XCTRUNNER = YES;
			};
			name = "Staging Debug";
		};
		49FC9A531BCFB5EA006FA40E /* Staging Release */ = {
			isa = XCBuildConfiguration;
			buildSettings = {
				ALWAYS_SEARCH_USER_PATHS = NO;
				CLANG_CXX_LANGUAGE_STANDARD = "gnu++0x";
				CLANG_CXX_LIBRARY = "libc++";
				CLANG_ENABLE_MODULES = YES;
				CLANG_ENABLE_OBJC_ARC = YES;
				CLANG_WARN_BOOL_CONVERSION = YES;
				CLANG_WARN_CONSTANT_CONVERSION = YES;
				CLANG_WARN_DIRECT_OBJC_ISA_USAGE = YES_ERROR;
				CLANG_WARN_EMPTY_BODY = YES;
				CLANG_WARN_ENUM_CONVERSION = YES;
				CLANG_WARN_INT_CONVERSION = YES;
				CLANG_WARN_OBJC_ROOT_CLASS = YES_ERROR;
				CLANG_WARN_UNREACHABLE_CODE = YES;
				CLANG_WARN__DUPLICATE_METHOD_MATCH = YES;
				CODE_SIGN_IDENTITY = "iPhone Distribution: Momoko Ito Foundation (7S5AAN8833)";
				COPY_PHASE_STRIP = NO;
				DEBUG_INFORMATION_FORMAT = "dwarf-with-dsym";
				ENABLE_NS_ASSERTIONS = NO;
				ENABLE_STRICT_OBJC_MSGSEND = YES;
				GCC_C_LANGUAGE_STANDARD = gnu99;
				GCC_NO_COMMON_BLOCKS = YES;
				GCC_PREPROCESSOR_DEFINITIONS = "$(inherited)";
				GCC_WARN_64_TO_32_BIT_CONVERSION = YES;
				GCC_WARN_ABOUT_RETURN_TYPE = YES_ERROR;
				GCC_WARN_UNDECLARED_SELECTOR = YES;
				GCC_WARN_UNINITIALIZED_AUTOS = YES_AGGRESSIVE;
				GCC_WARN_UNUSED_FUNCTION = YES;
				GCC_WARN_UNUSED_VARIABLE = YES;
				IPHONEOS_DEPLOYMENT_TARGET = 8.0;
				MTL_ENABLE_DEBUG_INFO = NO;
				OTHER_SWIFT_FLAGS = "-DSTAGING";
				PROVISIONING_PROFILE = "e6ba0011-b0d0-4389-9b2c-20ed8744dfcf";
				SDKROOT = iphoneos;
				VALIDATE_PRODUCT = YES;
			};
			name = "Staging Release";
		};
		49FC9A541BCFB5EA006FA40E /* Staging Release */ = {
			isa = XCBuildConfiguration;
			baseConfigurationReference = BBFF8E9ECA56CCE4BEFC6195 /* Pods.staging release.xcconfig */;
			buildSettings = {
				ASSETCATALOG_COMPILER_APPICON_NAME = AppIcon;
				CODE_SIGN_IDENTITY = "iPhone Distribution";
				INFOPLIST_FILE = Drivecast/Info.plist;
				LD_RUNPATH_SEARCH_PATHS = "$(inherited) @executable_path/Frameworks";
				PRODUCT_BUNDLE_IDENTIFIER = com.momokoito.drivecast;
				PRODUCT_NAME = "$(TARGET_NAME)";
			};
			name = "Staging Release";
		};
		49FC9A551BCFB5EA006FA40E /* Staging Release */ = {
			isa = XCBuildConfiguration;
			buildSettings = {
				BUNDLE_LOADER = "$(TEST_HOST)";
				INFOPLIST_FILE = DrivecastTests/Info.plist;
				LD_RUNPATH_SEARCH_PATHS = "$(inherited) @executable_path/Frameworks @loader_path/Frameworks";
				PRODUCT_BUNDLE_IDENTIFIER = com.momokoito.DrivecastTests;
				PRODUCT_NAME = "$(TARGET_NAME)";
				TEST_HOST = "$(BUILT_PRODUCTS_DIR)/Drivecast.app/Drivecast";
			};
			name = "Staging Release";
		};
		49FC9A561BCFB5EA006FA40E /* Staging Release */ = {
			isa = XCBuildConfiguration;
			buildSettings = {
				INFOPLIST_FILE = DrivecastUITests/Info.plist;
				LD_RUNPATH_SEARCH_PATHS = "$(inherited) @executable_path/Frameworks @loader_path/Frameworks";
				PRODUCT_BUNDLE_IDENTIFIER = com.momokoito.DrivecastUITests;
				PRODUCT_NAME = "$(TARGET_NAME)";
				TEST_TARGET_NAME = Drivecast;
				USES_XCTRUNNER = YES;
			};
			name = "Staging Release";
		};
/* End XCBuildConfiguration section */

/* Begin XCConfigurationList section */
		49FC9A191BCFB5D4006FA40E /* Build configuration list for PBXProject "Drivecast" */ = {
			isa = XCConfigurationList;
			buildConfigurations = (
				49FC9A441BCFB5D4006FA40E /* Production Debug */,
				49FC9A4F1BCFB5E0006FA40E /* Staging Debug */,
				49FC9A451BCFB5D4006FA40E /* Production Release */,
				49FC9A531BCFB5EA006FA40E /* Staging Release */,
			);
			defaultConfigurationIsVisible = 0;
			defaultConfigurationName = "Production Release";
		};
		49FC9A461BCFB5D4006FA40E /* Build configuration list for PBXNativeTarget "Drivecast" */ = {
			isa = XCConfigurationList;
			buildConfigurations = (
				49FC9A471BCFB5D4006FA40E /* Production Debug */,
				49FC9A501BCFB5E0006FA40E /* Staging Debug */,
				49FC9A481BCFB5D4006FA40E /* Production Release */,
				49FC9A541BCFB5EA006FA40E /* Staging Release */,
			);
			defaultConfigurationIsVisible = 0;
			defaultConfigurationName = "Production Release";
		};
		49FC9A491BCFB5D4006FA40E /* Build configuration list for PBXNativeTarget "DrivecastTests" */ = {
			isa = XCConfigurationList;
			buildConfigurations = (
				49FC9A4A1BCFB5D4006FA40E /* Production Debug */,
				49FC9A511BCFB5E0006FA40E /* Staging Debug */,
				49FC9A4B1BCFB5D4006FA40E /* Production Release */,
				49FC9A551BCFB5EA006FA40E /* Staging Release */,
			);
			defaultConfigurationIsVisible = 0;
			defaultConfigurationName = "Production Release";
		};
		49FC9A4C1BCFB5D4006FA40E /* Build configuration list for PBXNativeTarget "DrivecastUITests" */ = {
			isa = XCConfigurationList;
			buildConfigurations = (
				49FC9A4D1BCFB5D4006FA40E /* Production Debug */,
				49FC9A521BCFB5E0006FA40E /* Staging Debug */,
				49FC9A4E1BCFB5D4006FA40E /* Production Release */,
				49FC9A561BCFB5EA006FA40E /* Staging Release */,
			);
			defaultConfigurationIsVisible = 0;
			defaultConfigurationName = "Production Release";
		};
/* End XCConfigurationList section */
	};
	rootObject = 49FC9A161BCFB5D4006FA40E /* Project object */;
}
